
Microsoft Visual Studio Solution File, Format Version 12.00
# Visual Studio Version 17
VisualStudioVersion = 17.0.31903.59
MinimumVisualStudioVersion = 10.0.40219.1
Project("{2150E333-8FDC-42A3-9474-1A3956D46DE8}") = "src", "src", "{E484F99E-BD8F-4F06-8826-6E16D375095E}"
EndProject
Project("{2150E333-8FDC-42A3-9474-1A3956D46DE8}") = "Repository Items", "Repository Items", "{F39F2ADB-3FEC-4F79-9498-DA62DB579252}"
	ProjectSection(SolutionItems) = preProject
		.gitignore = .gitignore
		LICENSE = LICENSE
		README.md = README.md
		Directory.Packages.props = Directory.Packages.props
	EndProjectSection
EndProject
Project("{FAE04EC0-301F-11D3-BF4B-00C04F79EFBC}") = "ASPNETCoreWebAPI", "src\ASPNETCoreWebAPI\ASPNETCoreWebAPI.csproj", "{6761BA51-0966-46E6-AF09-4A2FCCE1424E}"
EndProject
Project("{FAE04EC0-301F-11D3-BF4B-00C04F79EFBC}") = "BlazorWebApp", "src\BlazorWebApp\BlazorWebApp.csproj", "{D1F4D72C-7272-4D9C-A10C-9019DCBC5727}"
EndProject
Project("{FAE04EC0-301F-11D3-BF4B-00C04F79EFBC}") = "ClassLibrary", "src\ClassLibrary\ClassLibrary.csproj", "{EFF4334A-20D3-474C-9788-9EE005CD0445}"
EndProject
Global
	GlobalSection(SolutionConfigurationPlatforms) = preSolution
		Debug|Any CPU = Debug|Any CPU
		Release|Any CPU = Release|Any CPU
	EndGlobalSection
	GlobalSection(ProjectConfigurationPlatforms) = postSolution
		{6761BA51-0966-46E6-AF09-4A2FCCE1424E}.Debug|Any CPU.ActiveCfg = Debug|Any CPU
		{6761BA51-0966-46E6-AF09-4A2FCCE1424E}.Debug|Any CPU.Build.0 = Debug|Any CPU
		{6761BA51-0966-46E6-AF09-4A2FCCE1424E}.Release|Any CPU.ActiveCfg = Release|Any CPU
		{6761BA51-0966-46E6-AF09-4A2FCCE1424E}.Release|Any CPU.Build.0 = Release|Any CPU
		{D1F4D72C-7272-4D9C-A10C-9019DCBC5727}.Debug|Any CPU.ActiveCfg = Debug|Any CPU
		{D1F4D72C-7272-4D9C-A10C-9019DCBC5727}.Debug|Any CPU.Build.0 = Debug|Any CPU
		{D1F4D72C-7272-4D9C-A10C-9019DCBC5727}.Release|Any CPU.ActiveCfg = Release|Any CPU
		{D1F4D72C-7272-4D9C-A10C-9019DCBC5727}.Release|Any CPU.Build.0 = Release|Any CPU
		{EFF4334A-20D3-474C-9788-9EE005CD0445}.Debug|Any CPU.ActiveCfg = Debug|Any CPU
		{EFF4334A-20D3-474C-9788-9EE005CD0445}.Debug|Any CPU.Build.0 = Debug|Any CPU
		{EFF4334A-20D3-474C-9788-9EE005CD0445}.Release|Any CPU.ActiveCfg = Release|Any CPU
		{EFF4334A-20D3-474C-9788-9EE005CD0445}.Release|Any CPU.Build.0 = Release|Any CPU
	EndGlobalSection
	GlobalSection(SolutionProperties) = preSolution
		HideSolutionNode = FALSE
	EndGlobalSection
	GlobalSection(NestedProjects) = preSolution
		{6761BA51-0966-46E6-AF09-4A2FCCE1424E} = {E484F99E-BD8F-4F06-8826-6E16D375095E}
		{D1F4D72C-7272-4D9C-A10C-9019DCBC5727} = {E484F99E-BD8F-4F06-8826-6E16D375095E}
		{EFF4334A-20D3-474C-9788-9EE005CD0445} = {E484F99E-BD8F-4F06-8826-6E16D375095E}
	EndGlobalSection
EndGlobal
